// !$*UTF8*$!
{
	archiveVersion = 1;
	classes = {
	};
	objectVersion = 46;
	objects = {

/* Begin PBXBuildFile section */
		12578C0E1EEC4D5D00B8C1E3 /* main.swift in Sources */ = {isa = PBXBuildFile; fileRef = 12578C0D1EEC4D5D00B8C1E3 /* main.swift */; };
		12578C151EEC536000B8C1E3 /* Process+.swift in Sources */ = {isa = PBXBuildFile; fileRef = 12578C141EEC536000B8C1E3 /* Process+.swift */; };
		125E09401EECA99D00251550 /* XCRun.swift in Sources */ = {isa = PBXBuildFile; fileRef = 125E093F1EECA99D00251550 /* XCRun.swift */; };
		125E09421EECF7FC00251550 /* FileManager+.swift in Sources */ = {isa = PBXBuildFile; fileRef = 125E09411EECF7FC00251550 /* FileManager+.swift */; };
/* End PBXBuildFile section */

/* Begin PBXCopyFilesBuildPhase section */
		12578C081EEC4D5D00B8C1E3 /* CopyFiles */ = {
			isa = PBXCopyFilesBuildPhase;
			buildActionMask = 2147483647;
			dstPath = /usr/share/man/man1/;
			dstSubfolderSpec = 0;
			files = (
			);
			runOnlyForDeploymentPostprocessing = 1;
		};
/* End PBXCopyFilesBuildPhase section */

/* Begin PBXFileReference section */
		12578C0A1EEC4D5D00B8C1E3 /* xcsimapps */ = {isa = PBXFileReference; explicitFileType = "compiled.mach-o.executable"; includeInIndex = 0; path = xcsimapps; sourceTree = BUILT_PRODUCTS_DIR; };
		12578C0D1EEC4D5D00B8C1E3 /* main.swift */ = {isa = PBXFileReference; lastKnownFileType = sourcecode.swift; path = main.swift; sourceTree = "<group>"; };
		12578C141EEC536000B8C1E3 /* Process+.swift */ = {isa = PBXFileReference; fileEncoding = 4; lastKnownFileType = sourcecode.swift; path = "Process+.swift"; sourceTree = "<group>"; };
		125E093F1EECA99D00251550 /* XCRun.swift */ = {isa = PBXFileReference; fileEncoding = 4; lastKnownFileType = sourcecode.swift; path = XCRun.swift; sourceTree = "<group>"; };
		125E09411EECF7FC00251550 /* FileManager+.swift */ = {isa = PBXFileReference; fileEncoding = 4; lastKnownFileType = sourcecode.swift; path = "FileManager+.swift"; sourceTree = "<group>"; };
/* End PBXFileReference section */

/* Begin PBXFrameworksBuildPhase section */
		12578C071EEC4D5D00B8C1E3 /* Frameworks */ = {
			isa = PBXFrameworksBuildPhase;
			buildActionMask = 2147483647;
			files = (
			);
			runOnlyForDeploymentPostprocessing = 0;
		};
/* End PBXFrameworksBuildPhase section */

/* Begin PBXGroup section */
		12578C011EEC4D5D00B8C1E3 = {
			isa = PBXGroup;
			children = (
				12578C0C1EEC4D5D00B8C1E3 /* xcsimapps */,
			);
			sourceTree = "<group>";
		};
		12578C0B1EEC4D5D00B8C1E3 /* Products */ = {
			isa = PBXGroup;
			children = (
				12578C0A1EEC4D5D00B8C1E3 /* xcsimapps */,
			);
			name = Products;
			path = ..;
			sourceTree = "<group>";
		};
		12578C0C1EEC4D5D00B8C1E3 /* xcsimapps */ = {
			isa = PBXGroup;
			children = (
				12578C0D1EEC4D5D00B8C1E3 /* main.swift */,
				125E09411EECF7FC00251550 /* FileManager+.swift */,
				12578C141EEC536000B8C1E3 /* Process+.swift */,
				125E093F1EECA99D00251550 /* XCRun.swift */,
				12578C0B1EEC4D5D00B8C1E3 /* Products */,
			);
			path = xcsimapps;
			sourceTree = "<group>";
		};
/* End PBXGroup section */

/* Begin PBXNativeTarget section */
		12578C091EEC4D5D00B8C1E3 /* xcsimapps */ = {
			isa = PBXNativeTarget;
			buildConfigurationList = 12578C111EEC4D5D00B8C1E3 /* Build configuration list for PBXNativeTarget "xcsimapps" */;
			buildPhases = (
				12578C061EEC4D5D00B8C1E3 /* Sources */,
				12578C071EEC4D5D00B8C1E3 /* Frameworks */,
				12578C081EEC4D5D00B8C1E3 /* CopyFiles */,
			);
			buildRules = (
			);
			dependencies = (
			);
			name = xcsimapps;
			productName = simapps;
			productReference = 12578C0A1EEC4D5D00B8C1E3 /* xcsimapps */;
			productType = "com.apple.product-type.tool";
		};
/* End PBXNativeTarget section */

/* Begin PBXProject section */
		12578C021EEC4D5D00B8C1E3 /* Project object */ = {
			isa = PBXProject;
			attributes = {
				LastSwiftUpdateCheck = 0830;
				LastUpgradeCheck = 0830;
				ORGANIZATIONNAME = "OTAKE Takayoshi";
				TargetAttributes = {
					12578C091EEC4D5D00B8C1E3 = {
						CreatedOnToolsVersion = 8.3.1;
						DevelopmentTeam = 78NCYGV39H;
						ProvisioningStyle = Automatic;
					};
				};
			};
			buildConfigurationList = 12578C051EEC4D5D00B8C1E3 /* Build configuration list for PBXProject "xcsimapps" */;
			compatibilityVersion = "Xcode 3.2";
			developmentRegion = English;
			hasScannedForEncodings = 0;
			knownRegions = (
				en,
			);
			mainGroup = 12578C011EEC4D5D00B8C1E3;
			productRefGroup = 12578C0B1EEC4D5D00B8C1E3 /* Products */;
			projectDirPath = "";
			projectRoot = "";
			targets = (
				12578C091EEC4D5D00B8C1E3 /* xcsimapps */,
			);
		};
/* End PBXProject section */

/* Begin PBXSourcesBuildPhase section */
		12578C061EEC4D5D00B8C1E3 /* Sources */ = {
			isa = PBXSourcesBuildPhase;
			buildActionMask = 2147483647;
			files = (
				12578C0E1EEC4D5D00B8C1E3 /* main.swift in Sources */,
				12578C151EEC536000B8C1E3 /* Process+.swift in Sources */,
				125E09401EECA99D00251550 /* XCRun.swift in Sources */,
				125E09421EECF7FC00251550 /* FileManager+.swift in Sources */,
			);
			runOnlyForDeploymentPostprocessing = 0;
		};
/* End PBXSourcesBuildPhase section */

/* Begin XCBuildConfiguration section */
		12578C0F1EEC4D5D00B8C1E3 /* Debug */ = {
			isa = XCBuildConfiguration;
			buildSettings = {
				ALWAYS_SEARCH_USER_PATHS = NO;
				CLANG_ANALYZER_NONNULL = YES;
				CLANG_ANALYZER_NUMBER_OBJECT_CONVERSION = YES_AGGRESSIVE;
				CLANG_CXX_LANGUAGE_STANDARD = "gnu++0x";
				CLANG_CXX_LIBRARY = "libc++";
				CLANG_ENABLE_MODULES = YES;
				CLANG_ENABLE_OBJC_ARC = YES;
				CLANG_WARN_BOOL_CONVERSION = YES;
				CLANG_WARN_CONSTANT_CONVERSION = YES;
				CLANG_WARN_DIRECT_OBJC_ISA_USAGE = YES_ERROR;
				CLANG_WARN_DOCUMENTATION_COMMENTS = YES;
				CLANG_WARN_EMPTY_BODY = YES;
				CLANG_WARN_ENUM_CONVERSION = YES;
				CLANG_WARN_INFINITE_RECURSION = YES;
				CLANG_WARN_INT_CONVERSION = YES;
				CLANG_WARN_OBJC_ROOT_CLASS = YES_ERROR;
				CLANG_WARN_SUSPICIOUS_MOVE = YES;
				CLANG_WARN_UNREACHABLE_CODE = YES;
				CLANG_WARN__DUPLICATE_METHOD_MATCH = YES;
				CODE_SIGN_IDENTITY = "-";
				COPY_PHASE_STRIP = NO;
				DEBUG_INFORMATION_FORMAT = dwarf;
				ENABLE_STRICT_OBJC_MSGSEND = YES;
				ENABLE_TESTABILITY = YES;
				GCC_C_LANGUAGE_STANDARD = gnu99;
				GCC_DYNAMIC_NO_PIC = NO;
				GCC_NO_COMMON_BLOCKS = YES;
				GCC_OPTIMIZATION_LEVEL = 0;
				GCC_PREPROCESSOR_DEFINITIONS = (
					"DEBUG=1",
					"$(inherited)",
				);
				GCC_WARN_64_TO_32_BIT_CONVERSION = YES;
				GCC_WARN_ABOUT_RETURN_TYPE = YES_ERROR;
				GCC_WARN_UNDECLARED_SELECTOR = YES;
				GCC_WARN_UNINITIALIZED_AUTOS = YES_AGGRESSIVE;
				GCC_WARN_UNUSED_FUNCTION = YES;
				GCC_WARN_UNUSED_VARIABLE = YES;
				MACOSX_DEPLOYMENT_TARGET = 10.12;
				MTL_ENABLE_DEBUG_INFO = YES;
				ONLY_ACTIVE_ARCH = YES;
				SDKROOT = macosx;
				SWIFT_OPTIMIZATION_LEVEL = "-Onone";
			};
			name = Debug;
		};
		12578C101EEC4D5D00B8C1E3 /* Release */ = {
			isa = XCBuildConfiguration;
			buildSettings = {
				ALWAYS_SEARCH_USER_PATHS = NO;
				CLANG_ANALYZER_NONNULL = YES;
				CLANG_ANALYZER_NUMBER_OBJECT_CONVERSION = YES_AGGRESSIVE;
				CLANG_CXX_LANGUAGE_STANDARD = "gnu++0x";
				CLANG_CXX_LIBRARY = "libc++";
				CLANG_ENABLE_MODULES = YES;
				CLANG_ENABLE_OBJC_ARC = YES;
				CLANG_WARN_BOOL_CONVERSION = YES;
				CLANG_WARN_CONSTANT_CONVERSION = YES;
				CLANG_WARN_DIRECT_OBJC_ISA_USAGE = YES_ERROR;
				CLANG_WARN_DOCUMENTATION_COMMENTS = YES;
				CLANG_WARN_EMPTY_BODY = YES;
				CLANG_WARN_ENUM_CONVERSION = YES;
				CLANG_WARN_INFINITE_RECURSION = YES;
				CLANG_WARN_INT_CONVERSION = YES;
				CLANG_WARN_OBJC_ROOT_CLASS = YES_ERROR;
				CLANG_WARN_SUSPICIOUS_MOVE = YES;
				CLANG_WARN_UNREACHABLE_CODE = YES;
				CLANG_WARN__DUPLICATE_METHOD_MATCH = YES;
				CODE_SIGN_IDENTITY = "-";
				COPY_PHASE_STRIP = NO;
				DEBUG_INFORMATION_FORMAT = "dwarf-with-dsym";
				ENABLE_NS_ASSERTIONS = NO;
				ENABLE_STRICT_OBJC_MSGSEND = YES;
				GCC_C_LANGUAGE_STANDARD = gnu99;
				GCC_NO_COMMON_BLOCKS = YES;
				GCC_WARN_64_TO_32_BIT_CONVERSION = YES;
				GCC_WARN_ABOUT_RETURN_TYPE = YES_ERROR;
				GCC_WARN_UNDECLARED_SELECTOR = YES;
				GCC_WARN_UNINITIALIZED_AUTOS = YES_AGGRESSIVE;
				GCC_WARN_UNUSED_FUNCTION = YES;
				GCC_WARN_UNUSED_VARIABLE = YES;
				MACOSX_DEPLOYMENT_TARGET = 10.12;
				MTL_ENABLE_DEBUG_INFO = NO;
				SDKROOT = macosx;
			};
			name = Release;
		};
		12578C121EEC4D5D00B8C1E3 /* Debug */ = {
			isa = XCBuildConfiguration;
			buildSettings = {
				DEVELOPMENT_TEAM = 78NCYGV39H;
				PRODUCT_NAME = "$(TARGET_NAME)";
				SWIFT_VERSION = 3.0;
			};
			name = Debug;
		};
		12578C131EEC4D5D00B8C1E3 /* Release */ = {
			isa = XCBuildConfiguration;
			buildSettings = {
				DEVELOPMENT_TEAM = 78NCYGV39H;
				PRODUCT_NAME = "$(TARGET_NAME)";
				SWIFT_VERSION = 3.0;
			};
			name = Release;
		};
/* End XCBuildConfiguration section */

/* Begin XCConfigurationList section */
		12578C051EEC4D5D00B8C1E3 /* Build configuration list for PBXProject "xcsimapps" */ = {
			isa = XCConfigurationList;
			buildConfigurations = (
				12578C0F1EEC4D5D00B8C1E3 /* Debug */,
				12578C101EEC4D5D00B8C1E3 /* Release */,
			);
			defaultConfigurationIsVisible = 0;
			defaultConfigurationName = Release;
		};
		12578C111EEC4D5D00B8C1E3 /* Build configuration list for PBXNativeTarget "xcsimapps" */ = {
			isa = XCConfigurationList;
			buildConfigurations = (
				12578C121EEC4D5D00B8C1E3 /* Debug */,
				12578C131EEC4D5D00B8C1E3 /* Release */,
			);
			defaultConfigurationIsVisible = 0;
			defaultConfigurationName = Release;
		};
/* End XCConfigurationList section */
	};
	rootObject = 12578C021EEC4D5D00B8C1E3 /* Project object */;
}
